
Microsoft Visual Studio Solution File, Format Version 12.00
# Visual Studio 15
VisualStudioVersion = 15.0.28307.1622
MinimumVisualStudioVersion = 10.0.40219.1
Project("{8BC9CEB8-8B4A-11D0-8D11-00A0C91BC942}") = "Project16", "Project16\Project16.vcxproj", "{7CF0C09E-48B1-4AD7-B405-DAE4D1804B2E}"
EndProject
Global
	GlobalSection(SolutionConfigurationPlatforms) = preSolution
		Debug|x64 = Debug|x64
		Debug|x86 = Debug|x86
		Release|x64 = Release|x64
		Release|x86 = Release|x86
	EndGlobalSection
	GlobalSection(ProjectConfigurationPlatforms) = postSolution
		{7CF0C09E-48B1-4AD7-B405-DAE4D1804B2E}.Debug|x64.ActiveCfg = Debug|x64
		{7CF0C09E-48B1-4AD7-B405-DAE4D1804B2E}.Debug|x64.Build.0 = Debug|x64
		{7CF0C09E-48B1-4AD7-B405-DAE4D1804B2E}.Debug|x86.ActiveCfg = Debug|Win32
		{7CF0C09E-48B1-4AD7-B405-DAE4D1804B2E}.Debug|x86.Build.0 = Debug|Win32
		{7CF0C09E-48B1-4AD7-B405-DAE4D1804B2E}.Release|x64.ActiveCfg = Release|x64
		{7CF0C09E-48B1-4AD7-B405-DAE4D1804B2E}.Release|x64.Build.0 = Release|x64
		{7CF0C09E-48B1-4AD7-B405-DAE4D1804B2E}.Release|x86.ActiveCfg = Release|Win32
		{7CF0C09E-48B1-4AD7-B405-DAE4D1804B2E}.Release|x86.Build.0 = Release|Win32
	EndGlobalSection
	GlobalSection(SolutionProperties) = preSolution
		HideSolutionNode = FALSE
	EndGlobalSection
	GlobalSection(ExtensibilityGlobals) = postSolution
		SolutionGuid = {761363F8-83C0-4025-8480-5901734061D5}
	EndGlobalSection
EndGlobal
